PODS:
  - DynamOC (0.0.7):
    - LuaJIT (~> 0.1.8)
  - LuaJIT (0.1.8)

DEPENDENCIES:
  - DynamOC (from `DynamOC`)

EXTERNAL SOURCES:
  DynamOC:
    :path: DynamOC

SPEC CHECKSUMS:
  DynamOC: 5a5a4e2b8ba99eeebe2d9c0c87a46b28f1ff84b3
  LuaJIT: bcbac02ba6fec133d1461140c7dd4c5737e4a526

PODFILE CHECKSUM: 9fcf01b5b8cdda3607e356a2d7b6dbee04ba281b

COCOAPODS: 1.1.1
